
Microsoft Visual Studio Solution File, Format Version 12.00
# Visual Studio Version 17
VisualStudioVersion = 17.4.33122.133
MinimumVisualStudioVersion = 10.0.40219.1
Project("{FAE04EC0-301F-11D3-BF4B-00C04F79EFBC}") = "TaskChainingAsync", "Async\TaskChainingAsync.csproj", "{2176DF7B-4C92-4074-BDA2-AE88D10F59AE}"
EndProject
Project("{FAE04EC0-301F-11D3-BF4B-00C04F79EFBC}") = "TaskChainingAsync.Test", "Async.Test\TaskChainingAsync.Test.csproj", "{A22F3B16-C282-4BB2-B680-805493A921CB}"
EndProject
Global
	GlobalSection(SolutionConfigurationPlatforms) = preSolution
		Debug|Any CPU = Debug|Any CPU
		Release|Any CPU = Release|Any CPU
	EndGlobalSection
	GlobalSection(ProjectConfigurationPlatforms) = postSolution
		{2176DF7B-4C92-4074-BDA2-AE88D10F59AE}.Debug|Any CPU.ActiveCfg = Debug|Any CPU
		{2176DF7B-4C92-4074-BDA2-AE88D10F59AE}.Debug|Any CPU.Build.0 = Debug|Any CPU
		{2176DF7B-4C92-4074-BDA2-AE88D10F59AE}.Release|Any CPU.ActiveCfg = Release|Any CPU
		{2176DF7B-4C92-4074-BDA2-AE88D10F59AE}.Release|Any CPU.Build.0 = Release|Any CPU
		{A22F3B16-C282-4BB2-B680-805493A921CB}.Debug|Any CPU.ActiveCfg = Debug|Any CPU
		{A22F3B16-C282-4BB2-B680-805493A921CB}.Debug|Any CPU.Build.0 = Debug|Any CPU
		{A22F3B16-C282-4BB2-B680-805493A921CB}.Release|Any CPU.ActiveCfg = Release|Any CPU
		{A22F3B16-C282-4BB2-B680-805493A921CB}.Release|Any CPU.Build.0 = Release|Any CPU
	EndGlobalSection
	GlobalSection(SolutionProperties) = preSolution
		HideSolutionNode = FALSE
	EndGlobalSection
	GlobalSection(ExtensibilityGlobals) = postSolution
		SolutionGuid = {349308B7-127C-40AA-81E1-15FAA17CD137}
	EndGlobalSection
EndGlobal
